
Microsoft Visual Studio Solution File, Format Version 12.00
# Visual Studio Version 16
VisualStudioVersion = 16.0.35229.62
MinimumVisualStudioVersion = 10.0.40219.1
Project("{FAE04EC0-301F-11D3-BF4B-00C04F79EFBC}") = "AdminEmpleados", "AdminEmpleados\AdminEmpleados.csproj", "{9FA8805C-D49D-48C8-A2D5-F7EA9ED2B555}"
EndProject
Global
	GlobalSection(SolutionConfigurationPlatforms) = preSolution
		Debug|Any CPU = Debug|Any CPU
		Release|Any CPU = Release|Any CPU
	EndGlobalSection
	GlobalSection(ProjectConfigurationPlatforms) = postSolution
		{9FA8805C-D49D-48C8-A2D5-F7EA9ED2B555}.Debug|Any CPU.ActiveCfg = Debug|Any CPU
		{9FA8805C-D49D-48C8-A2D5-F7EA9ED2B555}.Debug|Any CPU.Build.0 = Debug|Any CPU
		{9FA8805C-D49D-48C8-A2D5-F7EA9ED2B555}.Release|Any CPU.ActiveCfg = Release|Any CPU
		{9FA8805C-D49D-48C8-A2D5-F7EA9ED2B555}.Release|Any CPU.Build.0 = Release|Any CPU
	EndGlobalSection
	GlobalSection(SolutionProperties) = preSolution
		HideSolutionNode = FALSE
	EndGlobalSection
	GlobalSection(ExtensibilityGlobals) = postSolution
		SolutionGuid = {7FD68FC6-7FC3-4178-9795-F85459A312E9}
	EndGlobalSection
EndGlobal
